{
  "name": "ecss",
  "version": "1.0.0-beta.2",
  "lockfileVersion": 1,
  "dependencies": {
    "cardinal-material": {
      "version": "git+https://github.com/badlydrawnrob/cardinal-material.git#325f1144317ef5a933b41c00972901b40d7dc54f"
    },
    "cardinal-stylus": {
      "version": "git+https://github.com/badlydrawnrob/cardinal-stylus.git#85e4e40e675a526f6ba2feea1c62bebf7082e72e"
    },
    "normalize.css": {
      "version": "7.0.0",
      "resolved": "https://registry.npmjs.org/normalize.css/-/normalize.css-7.0.0.tgz",
      "integrity": "sha1-q/sd2CRwZ04DIrU86xqvQSk45L8="
    }
  }
}
