{
  "name": "ecss",
  "version": "1.0.0-beta.3",
  "lockfileVersion": 1,
  "requires": true,
  "dependencies": {
    "cardinal-material": {
      "version": "git+https://github.com/badlydrawnrob/cardinal-material.git#766e04ca7f5ea92701288af22f892b1c52f56ee9",
      "requires": {
        "cardinal-stylus": "git+https://github.com/badlydrawnrob/cardinal-stylus.git#252ba3a5eb238a80af388a431d059f939614c5b4"
      }
    },
    "cardinal-stylus": {
      "version": "git+https://github.com/badlydrawnrob/cardinal-stylus.git#252ba3a5eb238a80af388a431d059f939614c5b4",
      "requires": {
        "normalize.css": "7.0.0"
      }
    },
    "normalize.css": {
      "version": "7.0.0",
      "resolved": "https://registry.npmjs.org/normalize.css/-/normalize.css-7.0.0.tgz",
      "integrity": "sha1-q/sd2CRwZ04DIrU86xqvQSk45L8="
    }
  }
}
